
Microsoft Visual Studio Solution File, Format Version 12.00
# Visual Studio Version 17
VisualStudioVersion = 17.9.34902.65
MinimumVisualStudioVersion = 10.0.40219.1
Project("{FAE04EC0-301F-11D3-BF4B-00C04F79EFBC}") = "DemoHooks", "DemoHooks\DemoHooks.csproj", "{E3DB1619-6BA5-4110-AB1D-623419D5739A}"
EndProject
Global
	GlobalSection(SolutionConfigurationPlatforms) = preSolution
		Debug|Any CPU = Debug|Any CPU
		Release|Any CPU = Release|Any CPU
	EndGlobalSection
	GlobalSection(ProjectConfigurationPlatforms) = postSolution
		{E3DB1619-6BA5-4110-AB1D-623419D5739A}.Debug|Any CPU.ActiveCfg = Debug|Any CPU
		{E3DB1619-6BA5-4110-AB1D-623419D5739A}.Debug|Any CPU.Build.0 = Debug|Any CPU
		{E3DB1619-6BA5-4110-AB1D-623419D5739A}.Release|Any CPU.ActiveCfg = Release|Any CPU
		{E3DB1619-6BA5-4110-AB1D-623419D5739A}.Release|Any CPU.Build.0 = Release|Any CPU
	EndGlobalSection
	GlobalSection(SolutionProperties) = preSolution
		HideSolutionNode = FALSE
	EndGlobalSection
	GlobalSection(ExtensibilityGlobals) = postSolution
		SolutionGuid = {93229CB2-6857-4BE9-BCCC-034DE49E20BE}
	EndGlobalSection
EndGlobal
